
Microsoft Visual Studio Solution File, Format Version 12.00
# Visual Studio Version 16
VisualStudioVersion = 16.0.32106.194
MinimumVisualStudioVersion = 10.0.40219.1
Project("{FAE04EC0-301F-11D3-BF4B-00C04F79EFBC}") = "MatchGame", "MatchGame\MatchGame.csproj", "{45F10E65-7B71-4499-89D9-129C3BBB7445}"
EndProject
Global
	GlobalSection(SolutionConfigurationPlatforms) = preSolution
		Debug|Any CPU = Debug|Any CPU
		Release|Any CPU = Release|Any CPU
	EndGlobalSection
	GlobalSection(ProjectConfigurationPlatforms) = postSolution
		{45F10E65-7B71-4499-89D9-129C3BBB7445}.Debug|Any CPU.ActiveCfg = Debug|Any CPU
		{45F10E65-7B71-4499-89D9-129C3BBB7445}.Debug|Any CPU.Build.0 = Debug|Any CPU
		{45F10E65-7B71-4499-89D9-129C3BBB7445}.Release|Any CPU.ActiveCfg = Release|Any CPU
		{45F10E65-7B71-4499-89D9-129C3BBB7445}.Release|Any CPU.Build.0 = Release|Any CPU
	EndGlobalSection
	GlobalSection(SolutionProperties) = preSolution
		HideSolutionNode = FALSE
	EndGlobalSection
	GlobalSection(ExtensibilityGlobals) = postSolution
		SolutionGuid = {772360D1-7635-4F5B-A96A-A8DF8E3B85A4}
	EndGlobalSection
EndGlobal
